
Microsoft Visual Studio Solution File, Format Version 12.00
# Visual Studio Version 17
VisualStudioVersion = 17.5.002.0
MinimumVisualStudioVersion = 10.0.40219.1
Project("{9A19103F-16F7-4668-BE54-9A1E7A4F7556}") = "1115", "1115.csproj", "{BF21BE42-C0C4-4130-B9D5-DE0B6DD26E8E}"
EndProject
Global
	GlobalSection(SolutionConfigurationPlatforms) = preSolution
		Debug|Any CPU = Debug|Any CPU
		Release|Any CPU = Release|Any CPU
	EndGlobalSection
	GlobalSection(ProjectConfigurationPlatforms) = postSolution
		{BF21BE42-C0C4-4130-B9D5-DE0B6DD26E8E}.Debug|Any CPU.ActiveCfg = Debug|Any CPU
		{BF21BE42-C0C4-4130-B9D5-DE0B6DD26E8E}.Debug|Any CPU.Build.0 = Debug|Any CPU
		{BF21BE42-C0C4-4130-B9D5-DE0B6DD26E8E}.Release|Any CPU.ActiveCfg = Release|Any CPU
		{BF21BE42-C0C4-4130-B9D5-DE0B6DD26E8E}.Release|Any CPU.Build.0 = Release|Any CPU
	EndGlobalSection
	GlobalSection(SolutionProperties) = preSolution
		HideSolutionNode = FALSE
	EndGlobalSection
	GlobalSection(ExtensibilityGlobals) = postSolution
		SolutionGuid = {1308CA22-61D2-43A6-BA11-F69938E1C3B6}
	EndGlobalSection
EndGlobal
