
Microsoft Visual Studio Solution File, Format Version 12.00
# Visual Studio Version 17
VisualStudioVersion = 17.5.002.0
MinimumVisualStudioVersion = 10.0.40219.1
Project("{9A19103F-16F7-4668-BE54-9A1E7A4F7556}") = "1118", "1118.csproj", "{F7BA6B33-5685-4924-B35F-C91F6F4F183D}"
EndProject
Global
	GlobalSection(SolutionConfigurationPlatforms) = preSolution
		Debug|Any CPU = Debug|Any CPU
		Release|Any CPU = Release|Any CPU
	EndGlobalSection
	GlobalSection(ProjectConfigurationPlatforms) = postSolution
		{F7BA6B33-5685-4924-B35F-C91F6F4F183D}.Debug|Any CPU.ActiveCfg = Debug|Any CPU
		{F7BA6B33-5685-4924-B35F-C91F6F4F183D}.Debug|Any CPU.Build.0 = Debug|Any CPU
		{F7BA6B33-5685-4924-B35F-C91F6F4F183D}.Release|Any CPU.ActiveCfg = Release|Any CPU
		{F7BA6B33-5685-4924-B35F-C91F6F4F183D}.Release|Any CPU.Build.0 = Release|Any CPU
	EndGlobalSection
	GlobalSection(SolutionProperties) = preSolution
		HideSolutionNode = FALSE
	EndGlobalSection
	GlobalSection(ExtensibilityGlobals) = postSolution
		SolutionGuid = {E8FCB739-181B-494D-803D-D1B5CB3E27FF}
	EndGlobalSection
EndGlobal
