
Microsoft Visual Studio Solution File, Format Version 12.00
# Visual Studio Version 17
VisualStudioVersion = 17.5.002.0
MinimumVisualStudioVersion = 10.0.40219.1
Project("{9A19103F-16F7-4668-BE54-9A1E7A4F7556}") = "1101", "1101.csproj", "{91D57A46-D9A0-4EAB-A847-8F7606E1932A}"
EndProject
Global
	GlobalSection(SolutionConfigurationPlatforms) = preSolution
		Debug|Any CPU = Debug|Any CPU
		Release|Any CPU = Release|Any CPU
	EndGlobalSection
	GlobalSection(ProjectConfigurationPlatforms) = postSolution
		{91D57A46-D9A0-4EAB-A847-8F7606E1932A}.Debug|Any CPU.ActiveCfg = Debug|Any CPU
		{91D57A46-D9A0-4EAB-A847-8F7606E1932A}.Debug|Any CPU.Build.0 = Debug|Any CPU
		{91D57A46-D9A0-4EAB-A847-8F7606E1932A}.Release|Any CPU.ActiveCfg = Release|Any CPU
		{91D57A46-D9A0-4EAB-A847-8F7606E1932A}.Release|Any CPU.Build.0 = Release|Any CPU
	EndGlobalSection
	GlobalSection(SolutionProperties) = preSolution
		HideSolutionNode = FALSE
	EndGlobalSection
	GlobalSection(ExtensibilityGlobals) = postSolution
		SolutionGuid = {DAB8509A-80B9-4C8A-B4A5-55B2ACFD9923}
	EndGlobalSection
EndGlobal
