
Microsoft Visual Studio Solution File, Format Version 12.00
# Visual Studio Version 17
VisualStudioVersion = 17.5.002.0
MinimumVisualStudioVersion = 10.0.40219.1
Project("{9A19103F-16F7-4668-BE54-9A1E7A4F7556}") = "1131", "1131.csproj", "{153CDE86-BA75-4551-81B6-A9F04B13157B}"
EndProject
Global
	GlobalSection(SolutionConfigurationPlatforms) = preSolution
		Debug|Any CPU = Debug|Any CPU
		Release|Any CPU = Release|Any CPU
	EndGlobalSection
	GlobalSection(ProjectConfigurationPlatforms) = postSolution
		{153CDE86-BA75-4551-81B6-A9F04B13157B}.Debug|Any CPU.ActiveCfg = Debug|Any CPU
		{153CDE86-BA75-4551-81B6-A9F04B13157B}.Debug|Any CPU.Build.0 = Debug|Any CPU
		{153CDE86-BA75-4551-81B6-A9F04B13157B}.Release|Any CPU.ActiveCfg = Release|Any CPU
		{153CDE86-BA75-4551-81B6-A9F04B13157B}.Release|Any CPU.Build.0 = Release|Any CPU
	EndGlobalSection
	GlobalSection(SolutionProperties) = preSolution
		HideSolutionNode = FALSE
	EndGlobalSection
	GlobalSection(ExtensibilityGlobals) = postSolution
		SolutionGuid = {94CE31B9-E12C-4FDF-A72E-DF9BE43B909A}
	EndGlobalSection
EndGlobal
